
Microsoft Visual Studio Solution File, Format Version 12.00
# Visual Studio 15
VisualStudioVersion = 15.0.28307.489
MinimumVisualStudioVersion = 10.0.40219.1
Project("{8BC9CEB8-8B4A-11D0-8D11-00A0C91BC942}") = "AllocatorTest", "AllocatorTest.vcxproj", "{AF3A34CB-E3D5-4C23-95FF-94ED8F5B016A}"
EndProject
Project("{8BC9CEB8-8B4A-11D0-8D11-00A0C91BC942}") = "Allocator", "..\..\vs_build\Allocator.vcxproj", "{1ED4C384-2863-4E0F-9E4C-E53D10E0E860}"
EndProject
Global
	GlobalSection(SolutionConfigurationPlatforms) = preSolution
		Debug|x64 = Debug|x64
		Debug|x86 = Debug|x86
		Release|x64 = Release|x64
		Release|x86 = Release|x86
	EndGlobalSection
	GlobalSection(ProjectConfigurationPlatforms) = postSolution
		{AF3A34CB-E3D5-4C23-95FF-94ED8F5B016A}.Debug|x64.ActiveCfg = Debug|x64
		{AF3A34CB-E3D5-4C23-95FF-94ED8F5B016A}.Debug|x64.Build.0 = Debug|x64
		{AF3A34CB-E3D5-4C23-95FF-94ED8F5B016A}.Debug|x86.ActiveCfg = Debug|Win32
		{AF3A34CB-E3D5-4C23-95FF-94ED8F5B016A}.Debug|x86.Build.0 = Debug|Win32
		{AF3A34CB-E3D5-4C23-95FF-94ED8F5B016A}.Release|x64.ActiveCfg = Release|x64
		{AF3A34CB-E3D5-4C23-95FF-94ED8F5B016A}.Release|x64.Build.0 = Release|x64
		{AF3A34CB-E3D5-4C23-95FF-94ED8F5B016A}.Release|x86.ActiveCfg = Release|Win32
		{AF3A34CB-E3D5-4C23-95FF-94ED8F5B016A}.Release|x86.Build.0 = Release|Win32
		{1ED4C384-2863-4E0F-9E4C-E53D10E0E860}.Debug|x64.ActiveCfg = Debug|x64
		{1ED4C384-2863-4E0F-9E4C-E53D10E0E860}.Debug|x64.Build.0 = Debug|x64
		{1ED4C384-2863-4E0F-9E4C-E53D10E0E860}.Debug|x86.ActiveCfg = Debug|Win32
		{1ED4C384-2863-4E0F-9E4C-E53D10E0E860}.Debug|x86.Build.0 = Debug|Win32
		{1ED4C384-2863-4E0F-9E4C-E53D10E0E860}.Release|x64.ActiveCfg = Release|x64
		{1ED4C384-2863-4E0F-9E4C-E53D10E0E860}.Release|x64.Build.0 = Release|x64
		{1ED4C384-2863-4E0F-9E4C-E53D10E0E860}.Release|x86.ActiveCfg = Release|Win32
		{1ED4C384-2863-4E0F-9E4C-E53D10E0E860}.Release|x86.Build.0 = Release|Win32
	EndGlobalSection
	GlobalSection(SolutionProperties) = preSolution
		HideSolutionNode = FALSE
	EndGlobalSection
	GlobalSection(ExtensibilityGlobals) = postSolution
		SolutionGuid = {61C28E6F-7DBA-4A88-A533-6CFD7B05AD71}
	EndGlobalSection
EndGlobal
