<?xml version="1.0" encoding="utf-8"?>
<Project ToolsVersion="4.0" xmlns="http://schemas.microsoft.com/developer/msbuild/2003">
  <ItemGroup>
    <Filter Include="include">
      <UniqueIdentifier>{aa54ba22-cac8-4361-9efa-dcaaa14e9ae0}</UniqueIdentifier>
    </Filter>
    <Filter Include="include\memory">
      <UniqueIdentifier>{ec4a9191-20ee-4e0b-a799-3a6d61e7053f}</UniqueIdentifier>
    </Filter>
    <Filter Include="include\core">
      <UniqueIdentifier>{8923ba58-e0b3-4cad-9a6a-f0315e6c8a3b}</UniqueIdentifier>
    </Filter>
    <Filter Include="include\memory\detail">
      <UniqueIdentifier>{82743835-cc59-47c0-a117-75dd9c0db6ef}</UniqueIdentifier>
    </Filter>
    <Filter Include="include\container">
      <UniqueIdentifier>{a96a1bb6-d365-41b6-9fb1-4bd912f7d37b}</UniqueIdentifier>
    </Filter>
    <Filter Include="include\trait">
      <UniqueIdentifier>{a01ece6f-1fa7-43e7-9bc7-0c6a89b12eef}</UniqueIdentifier>
    </Filter>
    <Filter Include="include\container\detail">
      <UniqueIdentifier>{8baa3b16-8097-48a6-8a2d-8f14703aa436}</UniqueIdentifier>
    </Filter>
    <Filter Include="include\range">
      <UniqueIdentifier>{1ae87905-e5b1-4c04-9be6-cdc1caa95b9c}</UniqueIdentifier>
    </Filter>
    <Filter Include="include\range\detail">
      <UniqueIdentifier>{c06e7905-b7d4-45c3-ba57-ad597bc193f1}</UniqueIdentifier>
    </Filter>
    <Filter Include="include\std">
      <UniqueIdentifier>{8043db1d-35c3-4a51-9ac6-e1653bfd601a}</UniqueIdentifier>
    </Filter>
  </ItemGroup>
  <ItemGroup>
    <ClInclude Include="..\include\kaballoc\memory\byte_span.h">
      <Filter>include\memory</Filter>
    </ClInclude>
    <ClInclude Include="..\include\kaballoc\memory\freelist_resource.h">
      <Filter>include\memory</Filter>
    </ClInclude>
    <ClInclude Include="..\include\kaballoc\memory\memory_common.h">
      <Filter>include\memory</Filter>
    </ClInclude>
    <ClInclude Include="..\include\kaballoc\memory\monotonic_resource.h">
      <Filter>include\memory</Filter>
    </ClInclude>
    <ClInclude Include="..\include\kaballoc\memory\new_resource.h">
      <Filter>include\memory</Filter>
    </ClInclude>
    <ClInclude Include="..\include\kaballoc\memory\resource.h">
      <Filter>include\memory</Filter>
    </ClInclude>
    <ClInclude Include="..\include\kaballoc\memory\resource_reference.h">
      <Filter>include\memory</Filter>
    </ClInclude>
    <ClInclude Include="..\include\kaballoc\memory\detail\over_allocate.h">
      <Filter>include\memory\detail</Filter>
    </ClInclude>
    <ClInclude Include="..\include\kaballoc\core\atomic_op.h">
      <Filter>include\core</Filter>
    </ClInclude>
    <ClInclude Include="..\include\kaballoc\core\compiler.h">
      <Filter>include\core</Filter>
    </ClInclude>
    <ClInclude Include="..\include\kaballoc\container\array_value.h">
      <Filter>include\container</Filter>
    </ClInclude>
    <ClInclude Include="..\include\kaballoc\container\vector.h">
      <Filter>include\container</Filter>
    </ClInclude>
    <ClInclude Include="..\include\kaballoc\container\detail\array_value.inl.h">
      <Filter>include\container\detail</Filter>
    </ClInclude>
    <ClInclude Include="..\include\kaballoc\container\detail\vector.inl.h">
      <Filter>include\container\detail</Filter>
    </ClInclude>
    <ClInclude Include="..\include\kaballoc\trait\relocatable.h">
      <Filter>include\trait</Filter>
    </ClInclude>
    <ClInclude Include="..\include\kaballoc\container\array_value.decl.h">
      <Filter>include\container</Filter>
    </ClInclude>
    <ClInclude Include="..\include\kaballoc\container\vector.decl.h">
      <Filter>include\container</Filter>
    </ClInclude>
    <ClInclude Include="..\include\kaballoc\memory\detail\uninitialized_relocate.h">
      <Filter>include\memory\detail</Filter>
    </ClInclude>
    <ClInclude Include="..\include\kaballoc\core\size_t.h">
      <Filter>include\core</Filter>
    </ClInclude>
    <ClInclude Include="..\include\kaballoc\core\ptrdiff_t.h">
      <Filter>include\core</Filter>
    </ClInclude>
    <ClInclude Include="..\include\kaballoc\range\detail\begin.h">
      <Filter>include\range\detail</Filter>
    </ClInclude>
    <ClInclude Include="..\include\kaballoc\range\detail\distance.h">
      <Filter>include\range\detail</Filter>
    </ClInclude>
    <ClInclude Include="..\include\kaballoc\range\detail\end.h">
      <Filter>include\range\detail</Filter>
    </ClInclude>
    <ClInclude Include="..\include\kaballoc\memory\detail\destroy.h">
      <Filter>include\memory\detail</Filter>
    </ClInclude>
    <ClInclude Include="..\include\kaballoc\core\comparison.h">
      <Filter>include\core</Filter>
    </ClInclude>
    <ClInclude Include="..\include\kaballoc\std\variant.h">
      <Filter>include\std</Filter>
    </ClInclude>
    <ClInclude Include="..\include\kaballoc\std\unique_ptr.h">
      <Filter>include\std</Filter>
    </ClInclude>
    <ClInclude Include="..\include\kaballoc\std\shared_ptr.h">
      <Filter>include\std</Filter>
    </ClInclude>
    <ClInclude Include="..\include\kaballoc\std\tuple.h">
      <Filter>include\std</Filter>
    </ClInclude>
  </ItemGroup>
</Project>