<?xml version="1.0" encoding="utf-8"?>
<Project ToolsVersion="4.0" xmlns="http://schemas.microsoft.com/developer/msbuild/2003">
  <ItemGroup>
    <Filter Include="src">
      <UniqueIdentifier>{456dab31-a546-4ed1-8ca6-659da1a8a406}</UniqueIdentifier>
    </Filter>
    <Filter Include="src\memory">
      <UniqueIdentifier>{802155fa-9f0d-4f0f-8950-037cdd1e4d30}</UniqueIdentifier>
    </Filter>
    <Filter Include="src\container">
      <UniqueIdentifier>{1430d3f8-94d5-4ff0-92b0-ca0aba438b5b}</UniqueIdentifier>
    </Filter>
  </ItemGroup>
  <ItemGroup>
    <ClInclude Include="..\..\src\test_resource.h">
      <Filter>src</Filter>
    </ClInclude>
    <ClInclude Include="..\..\src\new.h">
      <Filter>src</Filter>
    </ClInclude>
  </ItemGroup>
  <ItemGroup>
    <ClCompile Include="..\..\src\new.cpp">
      <Filter>src</Filter>
    </ClCompile>
    <ClCompile Include="..\..\src\main.cpp">
      <Filter>src</Filter>
    </ClCompile>
    <ClCompile Include="..\..\src\memory\freelist_resource.test.cpp">
      <Filter>src\memory</Filter>
    </ClCompile>
    <ClCompile Include="..\..\src\memory\new_resource.test.cpp">
      <Filter>src\memory</Filter>
    </ClCompile>
    <ClCompile Include="..\..\src\memory\resource_reference.test.cpp">
      <Filter>src\memory</Filter>
    </ClCompile>
    <ClCompile Include="..\..\src\container\array_value.test.cpp">
      <Filter>src\container</Filter>
    </ClCompile>
    <ClCompile Include="..\..\src\container\vector.test.cpp">
      <Filter>src\container</Filter>
    </ClCompile>
  </ItemGroup>
</Project>